// !$*UTF8*$!
{
	archiveVersion = 1;
	classes = {
	};
	objectVersion = 56;
	objects = {

/* Begin PBXBuildFile section */
		9B08FD5A2BFE87E000DFE370 /* BlockWalletApp.swift in Sources */ = {isa = PBXBuildFile; fileRef = 9B08FD592BFE87E000DFE370 /* BlockWalletApp.swift */; };
		9B08FD5C2BFE87E000DFE370 /* ContentView.swift in Sources */ = {isa = PBXBuildFile; fileRef = 9B08FD5B2BFE87E000DFE370 /* ContentView.swift */; };
		9B08FD5E2BFE87E300DFE370 /* Assets.xcassets in Resources */ = {isa = PBXBuildFile; fileRef = 9B08FD5D2BFE87E300DFE370 /* Assets.xcassets */; };
		9B08FD612BFE87E300DFE370 /* Preview Assets.xcassets in Resources */ = {isa = PBXBuildFile; fileRef = 9B08FD602BFE87E300DFE370 /* Preview Assets.xcassets */; };
		9B08FD6A2BFE8EF100DFE370 /* NetworkAPI.swift in Sources */ = {isa = PBXBuildFile; fileRef = 9B08FD692BFE8EF100DFE370 /* NetworkAPI.swift */; };
		9B08FD6C2BFE920F00DFE370 /* BlockWalletViewModel.swift in Sources */ = {isa = PBXBuildFile; fileRef = 9B08FD6B2BFE920F00DFE370 /* BlockWalletViewModel.swift */; };
		9B08FD8F2BFEC2A900DFE370 /* CoinListView.swift in Sources */ = {isa = PBXBuildFile; fileRef = 9B08FD8E2BFEC2A900DFE370 /* CoinListView.swift */; };
		9B08FD922BFED52700DFE370 /* SegmentedCardView.swift in Sources */ = {isa = PBXBuildFile; fileRef = 9B08FD912BFED52700DFE370 /* SegmentedCardView.swift */; };
		9B08FD942BFEDE6D00DFE370 /* PrincipalView.swift in Sources */ = {isa = PBXBuildFile; fileRef = 9B08FD932BFEDE6D00DFE370 /* PrincipalView.swift */; };
		9B08FD962BFEE43900DFE370 /* CoinDetailView.swift in Sources */ = {isa = PBXBuildFile; fileRef = 9B08FD952BFEE43900DFE370 /* CoinDetailView.swift */; };
		9B08FD982BFEE9AD00DFE370 /* SearchCoinView.swift in Sources */ = {isa = PBXBuildFile; fileRef = 9B08FD972BFEE9AD00DFE370 /* SearchCoinView.swift */; };
		9BD0435A2BFFD92600F5AFA6 /* AddNewCoin.swift in Sources */ = {isa = PBXBuildFile; fileRef = 9BD043592BFFD92600F5AFA6 /* AddNewCoin.swift */; };
		9BD0435F2BFFFD3D00F5AFA6 /* DataNetwork.swift in Sources */ = {isa = PBXBuildFile; fileRef = 9BD0435E2BFFFD3D00F5AFA6 /* DataNetwork.swift */; };
		9BD043692C004C5200F5AFA6 /* BlockWalletTests.swift in Sources */ = {isa = PBXBuildFile; fileRef = 9BD043682C004C5200F5AFA6 /* BlockWalletTests.swift */; };
		9BD043702C00534000F5AFA6 /* FavoriteView.swift in Sources */ = {isa = PBXBuildFile; fileRef = 9BD0436F2C00534000F5AFA6 /* FavoriteView.swift */; };
		9BD043722C00677F00F5AFA6 /* CoinDetailModel.swift in Sources */ = {isa = PBXBuildFile; fileRef = 9BD043712C00677F00F5AFA6 /* CoinDetailModel.swift */; };
		9BD043742C0067B700F5AFA6 /* BlockWalletModel.swift in Sources */ = {isa = PBXBuildFile; fileRef = 9BD043732C0067B700F5AFA6 /* BlockWalletModel.swift */; };
/* End PBXBuildFile section */

/* Begin PBXContainerItemProxy section */
		9BD0436A2C004C5200F5AFA6 /* PBXContainerItemProxy */ = {
			isa = PBXContainerItemProxy;
			containerPortal = 9B08FD4E2BFE87E000DFE370 /* Project object */;
			proxyType = 1;
			remoteGlobalIDString = 9B08FD552BFE87E000DFE370;
			remoteInfo = BlockWallet;
		};
/* End PBXContainerItemProxy section */

/* Begin PBXFileReference section */
		9B08FD562BFE87E000DFE370 /* BlockWallet.app */ = {isa = PBXFileReference; explicitFileType = wrapper.application; includeInIndex = 0; path = BlockWallet.app; sourceTree = BUILT_PRODUCTS_DIR; };
		9B08FD592BFE87E000DFE370 /* BlockWalletApp.swift */ = {isa = PBXFileReference; lastKnownFileType = sourcecode.swift; path = BlockWalletApp.swift; sourceTree = "<group>"; };
		9B08FD5B2BFE87E000DFE370 /* ContentView.swift */ = {isa = PBXFileReference; lastKnownFileType = sourcecode.swift; path = ContentView.swift; sourceTree = "<group>"; };
		9B08FD5D2BFE87E300DFE370 /* Assets.xcassets */ = {isa = PBXFileReference; lastKnownFileType = folder.assetcatalog; path = Assets.xcassets; sourceTree = "<group>"; };
		9B08FD602BFE87E300DFE370 /* Preview Assets.xcassets */ = {isa = PBXFileReference; lastKnownFileType = folder.assetcatalog; path = "Preview Assets.xcassets"; sourceTree = "<group>"; };
		9B08FD692BFE8EF100DFE370 /* NetworkAPI.swift */ = {isa = PBXFileReference; lastKnownFileType = sourcecode.swift; path = NetworkAPI.swift; sourceTree = "<group>"; };
		9B08FD6B2BFE920F00DFE370 /* BlockWalletViewModel.swift */ = {isa = PBXFileReference; lastKnownFileType = sourcecode.swift; path = BlockWalletViewModel.swift; sourceTree = "<group>"; };
		9B08FD8E2BFEC2A900DFE370 /* CoinListView.swift */ = {isa = PBXFileReference; lastKnownFileType = sourcecode.swift; path = CoinListView.swift; sourceTree = "<group>"; };
		9B08FD912BFED52700DFE370 /* SegmentedCardView.swift */ = {isa = PBXFileReference; lastKnownFileType = sourcecode.swift; path = SegmentedCardView.swift; sourceTree = "<group>"; };
		9B08FD932BFEDE6D00DFE370 /* PrincipalView.swift */ = {isa = PBXFileReference; lastKnownFileType = sourcecode.swift; path = PrincipalView.swift; sourceTree = "<group>"; };
		9B08FD952BFEE43900DFE370 /* CoinDetailView.swift */ = {isa = PBXFileReference; lastKnownFileType = sourcecode.swift; path = CoinDetailView.swift; sourceTree = "<group>"; };
		9B08FD972BFEE9AD00DFE370 /* SearchCoinView.swift */ = {isa = PBXFileReference; lastKnownFileType = sourcecode.swift; path = SearchCoinView.swift; sourceTree = "<group>"; };
		9BD043592BFFD92600F5AFA6 /* AddNewCoin.swift */ = {isa = PBXFileReference; lastKnownFileType = sourcecode.swift; path = AddNewCoin.swift; sourceTree = "<group>"; };
		9BD0435E2BFFFD3D00F5AFA6 /* DataNetwork.swift */ = {isa = PBXFileReference; lastKnownFileType = sourcecode.swift; path = DataNetwork.swift; sourceTree = "<group>"; };
		9BD043662C004C5200F5AFA6 /* BlockWalletTests.xctest */ = {isa = PBXFileReference; explicitFileType = wrapper.cfbundle; includeInIndex = 0; path = BlockWalletTests.xctest; sourceTree = BUILT_PRODUCTS_DIR; };
		9BD043682C004C5200F5AFA6 /* BlockWalletTests.swift */ = {isa = PBXFileReference; lastKnownFileType = sourcecode.swift; path = BlockWalletTests.swift; sourceTree = "<group>"; };
		9BD0436F2C00534000F5AFA6 /* FavoriteView.swift */ = {isa = PBXFileReference; lastKnownFileType = sourcecode.swift; path = FavoriteView.swift; sourceTree = "<group>"; };
		9BD043712C00677F00F5AFA6 /* CoinDetailModel.swift */ = {isa = PBXFileReference; lastKnownFileType = sourcecode.swift; path = CoinDetailModel.swift; sourceTree = "<group>"; };
		9BD043732C0067B700F5AFA6 /* BlockWalletModel.swift */ = {isa = PBXFileReference; lastKnownFileType = sourcecode.swift; path = BlockWalletModel.swift; sourceTree = "<group>"; };
/* End PBXFileReference section */

/* Begin PBXFrameworksBuildPhase section */
		9B08FD532BFE87E000DFE370 /* Frameworks */ = {
			isa = PBXFrameworksBuildPhase;
			buildActionMask = 2147483647;
			files = (
			);
			runOnlyForDeploymentPostprocessing = 0;
		};
		9BD043632C004C5200F5AFA6 /* Frameworks */ = {
			isa = PBXFrameworksBuildPhase;
			buildActionMask = 2147483647;
			files = (
			);
			runOnlyForDeploymentPostprocessing = 0;
		};
/* End PBXFrameworksBuildPhase section */

/* Begin PBXGroup section */
		9B08FD4D2BFE87E000DFE370 = {
			isa = PBXGroup;
			children = (
				9B08FD582BFE87E000DFE370 /* BlockWallet */,
				9BD043672C004C5200F5AFA6 /* BlockWalletTests */,
				9B08FD572BFE87E000DFE370 /* Products */,
			);
			sourceTree = "<group>";
		};
		9B08FD572BFE87E000DFE370 /* Products */ = {
			isa = PBXGroup;
			children = (
				9B08FD562BFE87E000DFE370 /* BlockWallet.app */,
				9BD043662C004C5200F5AFA6 /* BlockWalletTests.xctest */,
			);
			name = Products;
			sourceTree = "<group>";
		};
		9B08FD582BFE87E000DFE370 /* BlockWallet */ = {
			isa = PBXGroup;
			children = (
				9B08FD592BFE87E000DFE370 /* BlockWalletApp.swift */,
				9B08FD6E2BFEBAB700DFE370 /* Model */,
				9B08FD702BFEBAC900DFE370 /* Menu */,
				9B08FD6D2BFEBAAF00DFE370 /* ViewModel */,
				9B08FD6F2BFEBABF00DFE370 /* Service */,
				9B08FD5D2BFE87E300DFE370 /* Assets.xcassets */,
				9B08FD5F2BFE87E300DFE370 /* Preview Content */,
			);
			path = BlockWallet;
			sourceTree = "<group>";
		};
		9B08FD5F2BFE87E300DFE370 /* Preview Content */ = {
			isa = PBXGroup;
			children = (
				9B08FD602BFE87E300DFE370 /* Preview Assets.xcassets */,
			);
			path = "Preview Content";
			sourceTree = "<group>";
		};
		9B08FD6D2BFEBAAF00DFE370 /* ViewModel */ = {
			isa = PBXGroup;
			children = (
				9B08FD6B2BFE920F00DFE370 /* BlockWalletViewModel.swift */,
			);
			path = ViewModel;
			sourceTree = "<group>";
		};
		9B08FD6E2BFEBAB700DFE370 /* Model */ = {
			isa = PBXGroup;
			children = (
				9BD043712C00677F00F5AFA6 /* CoinDetailModel.swift */,
				9BD043732C0067B700F5AFA6 /* BlockWalletModel.swift */,
			);
			path = Model;
			sourceTree = "<group>";
		};
		9B08FD6F2BFEBABF00DFE370 /* Service */ = {
			isa = PBXGroup;
			children = (
				9B08FD692BFE8EF100DFE370 /* NetworkAPI.swift */,
				9BD0435E2BFFFD3D00F5AFA6 /* DataNetwork.swift */,
			);
			path = Service;
			sourceTree = "<group>";
		};
		9B08FD702BFEBAC900DFE370 /* Menu */ = {
			isa = PBXGroup;
			children = (
				9B08FD5B2BFE87E000DFE370 /* ContentView.swift */,
				9B08FD932BFEDE6D00DFE370 /* PrincipalView.swift */,
				9B08FD912BFED52700DFE370 /* SegmentedCardView.swift */,
				9B08FD902BFEC2B300DFE370 /* DetailsView */,
			);
			path = Menu;
			sourceTree = "<group>";
		};
		9B08FD902BFEC2B300DFE370 /* DetailsView */ = {
			isa = PBXGroup;
			children = (
				9B08FD8E2BFEC2A900DFE370 /* CoinListView.swift */,
				9B08FD952BFEE43900DFE370 /* CoinDetailView.swift */,
				9BD0436F2C00534000F5AFA6 /* FavoriteView.swift */,
				9B08FD972BFEE9AD00DFE370 /* SearchCoinView.swift */,
				9BD043592BFFD92600F5AFA6 /* AddNewCoin.swift */,
			);
			name = DetailsView;
			path = Model;
			sourceTree = "<group>";
		};
		9BD043672C004C5200F5AFA6 /* BlockWalletTests */ = {
			isa = PBXGroup;
			children = (
				9BD043682C004C5200F5AFA6 /* BlockWalletTests.swift */,
			);
			path = BlockWalletTests;
			sourceTree = "<group>";
		};
/* End PBXGroup section */

/* Begin PBXNativeTarget section */
		9B08FD552BFE87E000DFE370 /* BlockWallet */ = {
			isa = PBXNativeTarget;
			buildConfigurationList = 9B08FD642BFE87E300DFE370 /* Build configuration list for PBXNativeTarget "BlockWallet" */;
			buildPhases = (
				9B08FD522BFE87E000DFE370 /* Sources */,
				9B08FD532BFE87E000DFE370 /* Frameworks */,
				9B08FD542BFE87E000DFE370 /* Resources */,
			);
			buildRules = (
			);
			dependencies = (
			);
			name = BlockWallet;
			productName = BlockWallet;
			productReference = 9B08FD562BFE87E000DFE370 /* BlockWallet.app */;
			productType = "com.apple.product-type.application";
		};
		9BD043652C004C5200F5AFA6 /* BlockWalletTests */ = {
			isa = PBXNativeTarget;
			buildConfigurationList = 9BD0436C2C004C5200F5AFA6 /* Build configuration list for PBXNativeTarget "BlockWalletTests" */;
			buildPhases = (
				9BD043622C004C5200F5AFA6 /* Sources */,
				9BD043632C004C5200F5AFA6 /* Frameworks */,
				9BD043642C004C5200F5AFA6 /* Resources */,
			);
			buildRules = (
			);
			dependencies = (
				9BD0436B2C004C5200F5AFA6 /* PBXTargetDependency */,
			);
			name = BlockWalletTests;
			productName = BlockWalletTests;
			productReference = 9BD043662C004C5200F5AFA6 /* BlockWalletTests.xctest */;
			productType = "com.apple.product-type.bundle.unit-test";
		};
/* End PBXNativeTarget section */

/* Begin PBXProject section */
		9B08FD4E2BFE87E000DFE370 /* Project object */ = {
			isa = PBXProject;
			attributes = {
				BuildIndependentTargetsInParallel = 1;
				LastSwiftUpdateCheck = 1540;
				LastUpgradeCheck = 1540;
				TargetAttributes = {
					9B08FD552BFE87E000DFE370 = {
						CreatedOnToolsVersion = 15.4;
					};
					9BD043652C004C5200F5AFA6 = {
						CreatedOnToolsVersion = 15.4;
						TestTargetID = 9B08FD552BFE87E000DFE370;
					};
				};
			};
			buildConfigurationList = 9B08FD512BFE87E000DFE370 /* Build configuration list for PBXProject "BlockWallet" */;
			compatibilityVersion = "Xcode 14.0";
			developmentRegion = en;
			hasScannedForEncodings = 0;
			knownRegions = (
				en,
				Base,
			);
			mainGroup = 9B08FD4D2BFE87E000DFE370;
			productRefGroup = 9B08FD572BFE87E000DFE370 /* Products */;
			projectDirPath = "";
			projectRoot = "";
			targets = (
				9B08FD552BFE87E000DFE370 /* BlockWallet */,
				9BD043652C004C5200F5AFA6 /* BlockWalletTests */,
			);
		};
/* End PBXProject section */

/* Begin PBXResourcesBuildPhase section */
		9B08FD542BFE87E000DFE370 /* Resources */ = {
			isa = PBXResourcesBuildPhase;
			buildActionMask = 2147483647;
			files = (
				9B08FD612BFE87E300DFE370 /* Preview Assets.xcassets in Resources */,
				9B08FD5E2BFE87E300DFE370 /* Assets.xcassets in Resources */,
			);
			runOnlyForDeploymentPostprocessing = 0;
		};
		9BD043642C004C5200F5AFA6 /* Resources */ = {
			isa = PBXResourcesBuildPhase;
			buildActionMask = 2147483647;
			files = (
			);
			runOnlyForDeploymentPostprocessing = 0;
		};
/* End PBXResourcesBuildPhase section */

/* Begin PBXSourcesBuildPhase section */
		9B08FD522BFE87E000DFE370 /* Sources */ = {
			isa = PBXSourcesBuildPhase;
			buildActionMask = 2147483647;
			files = (
				9B08FD5C2BFE87E000DFE370 /* ContentView.swift in Sources */,
				9B08FD5A2BFE87E000DFE370 /* BlockWalletApp.swift in Sources */,
				9BD043722C00677F00F5AFA6 /* CoinDetailModel.swift in Sources */,
				9BD0435A2BFFD92600F5AFA6 /* AddNewCoin.swift in Sources */,
				9B08FD942BFEDE6D00DFE370 /* PrincipalView.swift in Sources */,
				9B08FD6C2BFE920F00DFE370 /* BlockWalletViewModel.swift in Sources */,
				9B08FD962BFEE43900DFE370 /* CoinDetailView.swift in Sources */,
				9BD0435F2BFFFD3D00F5AFA6 /* DataNetwork.swift in Sources */,
				9B08FD6A2BFE8EF100DFE370 /* NetworkAPI.swift in Sources */,
				9B08FD982BFEE9AD00DFE370 /* SearchCoinView.swift in Sources */,
				9B08FD922BFED52700DFE370 /* SegmentedCardView.swift in Sources */,
				9BD043702C00534000F5AFA6 /* FavoriteView.swift in Sources */,
				9B08FD8F2BFEC2A900DFE370 /* CoinListView.swift in Sources */,
				9BD043742C0067B700F5AFA6 /* BlockWalletModel.swift in Sources */,
			);
			runOnlyForDeploymentPostprocessing = 0;
		};
		9BD043622C004C5200F5AFA6 /* Sources */ = {
			isa = PBXSourcesBuildPhase;
			buildActionMask = 2147483647;
			files = (
				9BD043692C004C5200F5AFA6 /* BlockWalletTests.swift in Sources */,
			);
			runOnlyForDeploymentPostprocessing = 0;
		};
/* End PBXSourcesBuildPhase section */

/* Begin PBXTargetDependency section */
		9BD0436B2C004C5200F5AFA6 /* PBXTargetDependency */ = {
			isa = PBXTargetDependency;
			target = 9B08FD552BFE87E000DFE370 /* BlockWallet */;
			targetProxy = 9BD0436A2C004C5200F5AFA6 /* PBXContainerItemProxy */;
		};
/* End PBXTargetDependency section */

/* Begin XCBuildConfiguration section */
		9B08FD622BFE87E300DFE370 /* Debug */ = {
			isa = XCBuildConfiguration;
			buildSettings = {
				ALWAYS_SEARCH_USER_PATHS = NO;
				ASSETCATALOG_COMPILER_GENERATE_SWIFT_ASSET_SYMBOL_EXTENSIONS = YES;
				CLANG_ANALYZER_NONNULL = YES;
				CLANG_ANALYZER_NUMBER_OBJECT_CONVERSION = YES_AGGRESSIVE;
				CLANG_CXX_LANGUAGE_STANDARD = "gnu++20";
				CLANG_ENABLE_MODULES = YES;
				CLANG_ENABLE_OBJC_ARC = YES;
				CLANG_ENABLE_OBJC_WEAK = YES;
				CLANG_WARN_BLOCK_CAPTURE_AUTORELEASING = YES;
				CLANG_WARN_BOOL_CONVERSION = YES;
				CLANG_WARN_COMMA = YES;
				CLANG_WARN_CONSTANT_CONVERSION = YES;
				CLANG_WARN_DEPRECATED_OBJC_IMPLEMENTATIONS = YES;
				CLANG_WARN_DIRECT_OBJC_ISA_USAGE = YES_ERROR;
				CLANG_WARN_DOCUMENTATION_COMMENTS = YES;
				CLANG_WARN_EMPTY_BODY = YES;
				CLANG_WARN_ENUM_CONVERSION = YES;
				CLANG_WARN_INFINITE_RECURSION = YES;
				CLANG_WARN_INT_CONVERSION = YES;
				CLANG_WARN_NON_LITERAL_NULL_CONVERSION = YES;
				CLANG_WARN_OBJC_IMPLICIT_RETAIN_SELF = YES;
				CLANG_WARN_OBJC_LITERAL_CONVERSION = YES;
				CLANG_WARN_OBJC_ROOT_CLASS = YES_ERROR;
				CLANG_WARN_QUOTED_INCLUDE_IN_FRAMEWORK_HEADER = YES;
				CLANG_WARN_RANGE_LOOP_ANALYSIS = YES;
				CLANG_WARN_STRICT_PROTOTYPES = YES;
				CLANG_WARN_SUSPICIOUS_MOVE = YES;
				CLANG_WARN_UNGUARDED_AVAILABILITY = YES_AGGRESSIVE;
				CLANG_WARN_UNREACHABLE_CODE = YES;
				CLANG_WARN__DUPLICATE_METHOD_MATCH = YES;
				COPY_PHASE_STRIP = NO;
				DEBUG_INFORMATION_FORMAT = dwarf;
				ENABLE_STRICT_OBJC_MSGSEND = YES;
				ENABLE_TESTABILITY = YES;
				ENABLE_USER_SCRIPT_SANDBOXING = YES;
				GCC_C_LANGUAGE_STANDARD = gnu17;
				GCC_DYNAMIC_NO_PIC = NO;
				GCC_NO_COMMON_BLOCKS = YES;
				GCC_OPTIMIZATION_LEVEL = 0;
				GCC_PREPROCESSOR_DEFINITIONS = (
					"DEBUG=1",
					"$(inherited)",
				);
				GCC_WARN_64_TO_32_BIT_CONVERSION = YES;
				GCC_WARN_ABOUT_RETURN_TYPE = YES_ERROR;
				GCC_WARN_UNDECLARED_SELECTOR = YES;
				GCC_WARN_UNINITIALIZED_AUTOS = YES_AGGRESSIVE;
				GCC_WARN_UNUSED_FUNCTION = YES;
				GCC_WARN_UNUSED_VARIABLE = YES;
				IPHONEOS_DEPLOYMENT_TARGET = 17.5;
				LOCALIZATION_PREFERS_STRING_CATALOGS = YES;
				MTL_ENABLE_DEBUG_INFO = INCLUDE_SOURCE;
				MTL_FAST_MATH = YES;
				ONLY_ACTIVE_ARCH = YES;
				SDKROOT = iphoneos;
				SWIFT_ACTIVE_COMPILATION_CONDITIONS = "DEBUG $(inherited)";
				SWIFT_OPTIMIZATION_LEVEL = "-Onone";
			};
			name = Debug;
		};
		9B08FD632BFE87E300DFE370 /* Release */ = {
			isa = XCBuildConfiguration;
			buildSettings = {
				ALWAYS_SEARCH_USER_PATHS = NO;
				ASSETCATALOG_COMPILER_GENERATE_SWIFT_ASSET_SYMBOL_EXTENSIONS = YES;
				CLANG_ANALYZER_NONNULL = YES;
				CLANG_ANALYZER_NUMBER_OBJECT_CONVERSION = YES_AGGRESSIVE;
				CLANG_CXX_LANGUAGE_STANDARD = "gnu++20";
				CLANG_ENABLE_MODULES = YES;
				CLANG_ENABLE_OBJC_ARC = YES;
				CLANG_ENABLE_OBJC_WEAK = YES;
				CLANG_WARN_BLOCK_CAPTURE_AUTORELEASING = YES;
				CLANG_WARN_BOOL_CONVERSION = YES;
				CLANG_WARN_COMMA = YES;
				CLANG_WARN_CONSTANT_CONVERSION = YES;
				CLANG_WARN_DEPRECATED_OBJC_IMPLEMENTATIONS = YES;
				CLANG_WARN_DIRECT_OBJC_ISA_USAGE = YES_ERROR;
				CLANG_WARN_DOCUMENTATION_COMMENTS = YES;
				CLANG_WARN_EMPTY_BODY = YES;
				CLANG_WARN_ENUM_CONVERSION = YES;
				CLANG_WARN_INFINITE_RECURSION = YES;
				CLANG_WARN_INT_CONVERSION = YES;
				CLANG_WARN_NON_LITERAL_NULL_CONVERSION = YES;
				CLANG_WARN_OBJC_IMPLICIT_RETAIN_SELF = YES;
				CLANG_WARN_OBJC_LITERAL_CONVERSION = YES;
				CLANG_WARN_OBJC_ROOT_CLASS = YES_ERROR;
				CLANG_WARN_QUOTED_INCLUDE_IN_FRAMEWORK_HEADER = YES;
				CLANG_WARN_RANGE_LOOP_ANALYSIS = YES;
				CLANG_WARN_STRICT_PROTOTYPES = YES;
				CLANG_WARN_SUSPICIOUS_MOVE = YES;
				CLANG_WARN_UNGUARDED_AVAILABILITY = YES_AGGRESSIVE;
				CLANG_WARN_UNREACHABLE_CODE = YES;
				CLANG_WARN__DUPLICATE_METHOD_MATCH = YES;
				COPY_PHASE_STRIP = NO;
				DEBUG_INFORMATION_FORMAT = "dwarf-with-dsym";
				ENABLE_NS_ASSERTIONS = NO;
				ENABLE_STRICT_OBJC_MSGSEND = YES;
				ENABLE_USER_SCRIPT_SANDBOXING = YES;
				GCC_C_LANGUAGE_STANDARD = gnu17;
				GCC_NO_COMMON_BLOCKS = YES;
				GCC_WARN_64_TO_32_BIT_CONVERSION = YES;
				GCC_WARN_ABOUT_RETURN_TYPE = YES_ERROR;
				GCC_WARN_UNDECLARED_SELECTOR = YES;
				GCC_WARN_UNINITIALIZED_AUTOS = YES_AGGRESSIVE;
				GCC_WARN_UNUSED_FUNCTION = YES;
				GCC_WARN_UNUSED_VARIABLE = YES;
				IPHONEOS_DEPLOYMENT_TARGET = 17.5;
				LOCALIZATION_PREFERS_STRING_CATALOGS = YES;
				MTL_ENABLE_DEBUG_INFO = NO;
				MTL_FAST_MATH = YES;
				SDKROOT = iphoneos;
				SWIFT_COMPILATION_MODE = wholemodule;
				VALIDATE_PRODUCT = YES;
			};
			name = Release;
		};
		9B08FD652BFE87E300DFE370 /* Debug */ = {
			isa = XCBuildConfiguration;
			buildSettings = {
				ASSETCATALOG_COMPILER_APPICON_NAME = AppIcon;
				ASSETCATALOG_COMPILER_GLOBAL_ACCENT_COLOR_NAME = AccentColor;
				CODE_SIGN_STYLE = Automatic;
				CURRENT_PROJECT_VERSION = 1;
				DEVELOPMENT_ASSET_PATHS = "\"BlockWallet/Preview Content\"";
				ENABLE_PREVIEWS = YES;
				GENERATE_INFOPLIST_FILE = YES;
				INFOPLIST_KEY_UIApplicationSceneManifest_Generation = YES;
				INFOPLIST_KEY_UIApplicationSupportsIndirectInputEvents = YES;
				INFOPLIST_KEY_UILaunchScreen_Generation = YES;
				INFOPLIST_KEY_UISupportedInterfaceOrientations_iPad = "UIInterfaceOrientationPortrait UIInterfaceOrientationPortraitUpsideDown UIInterfaceOrientationLandscapeLeft UIInterfaceOrientationLandscapeRight";
				INFOPLIST_KEY_UISupportedInterfaceOrientations_iPhone = "UIInterfaceOrientationPortrait UIInterfaceOrientationLandscapeLeft UIInterfaceOrientationLandscapeRight";
				LD_RUNPATH_SEARCH_PATHS = (
					"$(inherited)",
					"@executable_path/Frameworks",
				);
				MARKETING_VERSION = 1.0;
				PRODUCT_BUNDLE_IDENTIFIER = jairolaurente.BlockWallet;
				PRODUCT_NAME = "$(TARGET_NAME)";
				SWIFT_EMIT_LOC_STRINGS = YES;
				SWIFT_VERSION = 5.0;
				TARGETED_DEVICE_FAMILY = "1,2";
			};
			name = Debug;
		};
		9B08FD662BFE87E300DFE370 /* Release */ = {
			isa = XCBuildConfiguration;
			buildSettings = {
				ASSETCATALOG_COMPILER_APPICON_NAME = AppIcon;
				ASSETCATALOG_COMPILER_GLOBAL_ACCENT_COLOR_NAME = AccentColor;
				CODE_SIGN_STYLE = Automatic;
				CURRENT_PROJECT_VERSION = 1;
				DEVELOPMENT_ASSET_PATHS = "\"BlockWallet/Preview Content\"";
				ENABLE_PREVIEWS = YES;
				GENERATE_INFOPLIST_FILE = YES;
				INFOPLIST_KEY_UIApplicationSceneManifest_Generation = YES;
				INFOPLIST_KEY_UIApplicationSupportsIndirectInputEvents = YES;
				INFOPLIST_KEY_UILaunchScreen_Generation = YES;
				INFOPLIST_KEY_UISupportedInterfaceOrientations_iPad = "UIInterfaceOrientationPortrait UIInterfaceOrientationPortraitUpsideDown UIInterfaceOrientationLandscapeLeft UIInterfaceOrientationLandscapeRight";
				INFOPLIST_KEY_UISupportedInterfaceOrientations_iPhone = "UIInterfaceOrientationPortrait UIInterfaceOrientationLandscapeLeft UIInterfaceOrientationLandscapeRight";
				LD_RUNPATH_SEARCH_PATHS = (
					"$(inherited)",
					"@executable_path/Frameworks",
				);
				MARKETING_VERSION = 1.0;
				PRODUCT_BUNDLE_IDENTIFIER = jairolaurente.BlockWallet;
				PRODUCT_NAME = "$(TARGET_NAME)";
				SWIFT_EMIT_LOC_STRINGS = YES;
				SWIFT_VERSION = 5.0;
				TARGETED_DEVICE_FAMILY = "1,2";
			};
			name = Release;
		};
		9BD0436D2C004C5200F5AFA6 /* Debug */ = {
			isa = XCBuildConfiguration;
			buildSettings = {
				BUNDLE_LOADER = "$(TEST_HOST)";
				CODE_SIGN_STYLE = Automatic;
				CURRENT_PROJECT_VERSION = 1;
				GENERATE_INFOPLIST_FILE = YES;
				MARKETING_VERSION = 1.0;
				PRODUCT_BUNDLE_IDENTIFIER = jairolaurente.BlockWalletTests;
				PRODUCT_NAME = "$(TARGET_NAME)";
				SWIFT_EMIT_LOC_STRINGS = NO;
				SWIFT_VERSION = 5.0;
				TARGETED_DEVICE_FAMILY = "1,2";
				TEST_HOST = "$(BUILT_PRODUCTS_DIR)/BlockWallet.app/$(BUNDLE_EXECUTABLE_FOLDER_PATH)/BlockWallet";
			};
			name = Debug;
		};
		9BD0436E2C004C5200F5AFA6 /* Release */ = {
			isa = XCBuildConfiguration;
			buildSettings = {
				BUNDLE_LOADER = "$(TEST_HOST)";
				CODE_SIGN_STYLE = Automatic;
				CURRENT_PROJECT_VERSION = 1;
				GENERATE_INFOPLIST_FILE = YES;
				MARKETING_VERSION = 1.0;
				PRODUCT_BUNDLE_IDENTIFIER = jairolaurente.BlockWalletTests;
				PRODUCT_NAME = "$(TARGET_NAME)";
				SWIFT_EMIT_LOC_STRINGS = NO;
				SWIFT_VERSION = 5.0;
				TARGETED_DEVICE_FAMILY = "1,2";
				TEST_HOST = "$(BUILT_PRODUCTS_DIR)/BlockWallet.app/$(BUNDLE_EXECUTABLE_FOLDER_PATH)/BlockWallet";
			};
			name = Release;
		};
/* End XCBuildConfiguration section */

/* Begin XCConfigurationList section */
		9B08FD512BFE87E000DFE370 /* Build configuration list for PBXProject "BlockWallet" */ = {
			isa = XCConfigurationList;
			buildConfigurations = (
				9B08FD622BFE87E300DFE370 /* Debug */,
				9B08FD632BFE87E300DFE370 /* Release */,
			);
			defaultConfigurationIsVisible = 0;
			defaultConfigurationName = Release;
		};
		9B08FD642BFE87E300DFE370 /* Build configuration list for PBXNativeTarget "BlockWallet" */ = {
			isa = XCConfigurationList;
			buildConfigurations = (
				9B08FD652BFE87E300DFE370 /* Debug */,
				9B08FD662BFE87E300DFE370 /* Release */,
			);
			defaultConfigurationIsVisible = 0;
			defaultConfigurationName = Release;
		};
		9BD0436C2C004C5200F5AFA6 /* Build configuration list for PBXNativeTarget "BlockWalletTests" */ = {
			isa = XCConfigurationList;
			buildConfigurations = (
				9BD0436D2C004C5200F5AFA6 /* Debug */,
				9BD0436E2C004C5200F5AFA6 /* Release */,
			);
			defaultConfigurationIsVisible = 0;
			defaultConfigurationName = Release;
		};
/* End XCConfigurationList section */
	};
	rootObject = 9B08FD4E2BFE87E000DFE370 /* Project object */;
}
